
Microsoft Visual Studio Solution File, Format Version 12.00
# Visual Studio 15
VisualStudioVersion = 15.0.28307.1169
MinimumVisualStudioVersion = 10.0.40219.1
Project("{FAE04EC0-301F-11D3-BF4B-00C04F79EFBC}") = "Ex20_Property", "Ex20_Property\Ex20_Property.csproj", "{D4251C74-B0EF-4642-8E93-B5472F14842F}"
EndProject
Project("{FAE04EC0-301F-11D3-BF4B-00C04F79EFBC}") = "Ex21_Property", "..\Ex21_Property\Ex21_Property.csproj", "{B52DD938-DA94-4E3B-9CD1-F95200C6DA2A}"
EndProject
Global
	GlobalSection(SolutionConfigurationPlatforms) = preSolution
		Debug|Any CPU = Debug|Any CPU
		Release|Any CPU = Release|Any CPU
	EndGlobalSection
	GlobalSection(ProjectConfigurationPlatforms) = postSolution
		{D4251C74-B0EF-4642-8E93-B5472F14842F}.Debug|Any CPU.ActiveCfg = Debug|Any CPU
		{D4251C74-B0EF-4642-8E93-B5472F14842F}.Debug|Any CPU.Build.0 = Debug|Any CPU
		{D4251C74-B0EF-4642-8E93-B5472F14842F}.Release|Any CPU.ActiveCfg = Release|Any CPU
		{D4251C74-B0EF-4642-8E93-B5472F14842F}.Release|Any CPU.Build.0 = Release|Any CPU
		{B52DD938-DA94-4E3B-9CD1-F95200C6DA2A}.Debug|Any CPU.ActiveCfg = Debug|Any CPU
		{B52DD938-DA94-4E3B-9CD1-F95200C6DA2A}.Debug|Any CPU.Build.0 = Debug|Any CPU
		{B52DD938-DA94-4E3B-9CD1-F95200C6DA2A}.Release|Any CPU.ActiveCfg = Release|Any CPU
		{B52DD938-DA94-4E3B-9CD1-F95200C6DA2A}.Release|Any CPU.Build.0 = Release|Any CPU
	EndGlobalSection
	GlobalSection(SolutionProperties) = preSolution
		HideSolutionNode = FALSE
	EndGlobalSection
	GlobalSection(ExtensibilityGlobals) = postSolution
		SolutionGuid = {A5AC3C0A-C198-46C5-BE6F-AEB23D7991DF}
	EndGlobalSection
EndGlobal
