
Microsoft Visual Studio Solution File, Format Version 12.00
# Visual Studio 15
VisualStudioVersion = 15.0.28307.1169
MinimumVisualStudioVersion = 10.0.40219.1
Project("{FAE04EC0-301F-11D3-BF4B-00C04F79EFBC}") = "Ex09_Class_AccessModifier", "Ex09_Class_AccessModifier\Ex09_Class_AccessModifier.csproj", "{F316B4CE-2ECF-4130-91D0-C7473268EA5F}"
EndProject
Global
	GlobalSection(SolutionConfigurationPlatforms) = preSolution
		Debug|Any CPU = Debug|Any CPU
		Release|Any CPU = Release|Any CPU
	EndGlobalSection
	GlobalSection(ProjectConfigurationPlatforms) = postSolution
		{F316B4CE-2ECF-4130-91D0-C7473268EA5F}.Debug|Any CPU.ActiveCfg = Debug|Any CPU
		{F316B4CE-2ECF-4130-91D0-C7473268EA5F}.Debug|Any CPU.Build.0 = Debug|Any CPU
		{F316B4CE-2ECF-4130-91D0-C7473268EA5F}.Release|Any CPU.ActiveCfg = Release|Any CPU
		{F316B4CE-2ECF-4130-91D0-C7473268EA5F}.Release|Any CPU.Build.0 = Release|Any CPU
	EndGlobalSection
	GlobalSection(SolutionProperties) = preSolution
		HideSolutionNode = FALSE
	EndGlobalSection
	GlobalSection(ExtensibilityGlobals) = postSolution
		SolutionGuid = {C652B17D-C70A-465D-A63E-48B875553D79}
	EndGlobalSection
EndGlobal
