
Microsoft Visual Studio Solution File, Format Version 12.00
# Visual Studio 15
VisualStudioVersion = 15.0.28307.1169
MinimumVisualStudioVersion = 10.0.40219.1
Project("{FAE04EC0-301F-11D3-BF4B-00C04F79EFBC}") = "Ex14_Polymorphism", "Ex14_Polymorphism\Ex14_Polymorphism.csproj", "{9F753572-6926-4870-85F1-E19F77A50152}"
EndProject
Global
	GlobalSection(SolutionConfigurationPlatforms) = preSolution
		Debug|Any CPU = Debug|Any CPU
		Release|Any CPU = Release|Any CPU
	EndGlobalSection
	GlobalSection(ProjectConfigurationPlatforms) = postSolution
		{9F753572-6926-4870-85F1-E19F77A50152}.Debug|Any CPU.ActiveCfg = Debug|Any CPU
		{9F753572-6926-4870-85F1-E19F77A50152}.Debug|Any CPU.Build.0 = Debug|Any CPU
		{9F753572-6926-4870-85F1-E19F77A50152}.Release|Any CPU.ActiveCfg = Release|Any CPU
		{9F753572-6926-4870-85F1-E19F77A50152}.Release|Any CPU.Build.0 = Release|Any CPU
	EndGlobalSection
	GlobalSection(SolutionProperties) = preSolution
		HideSolutionNode = FALSE
	EndGlobalSection
	GlobalSection(ExtensibilityGlobals) = postSolution
		SolutionGuid = {219EE867-0148-4C59-B390-25EE6B3C2DA5}
	EndGlobalSection
EndGlobal
